
Microsoft Visual Studio Solution File, Format Version 12.00
# Visual Studio Version 16
VisualStudioVersion = 16.0.29613.14
MinimumVisualStudioVersion = 10.0.40219.1
Project("{FAE04EC0-301F-11D3-BF4B-00C04F79EFBC}") = "Swampnet.Events.Functions", "Swampnet.Events.Functions\Swampnet.Events.Functions.csproj", "{56639D27-1869-4225-9EB0-FE41CAF76292}"
EndProject
Project("{FAE04EC0-301F-11D3-BF4B-00C04F79EFBC}") = "Swampnet.Events", "Swampnet.Events\Swampnet.Events.csproj", "{0B09F4B9-52FB-4580-9918-A6028DB57A4A}"
EndProject
Global
	GlobalSection(SolutionConfigurationPlatforms) = preSolution
		Debug|Any CPU = Debug|Any CPU
		Release|Any CPU = Release|Any CPU
	EndGlobalSection
	GlobalSection(ProjectConfigurationPlatforms) = postSolution
		{56639D27-1869-4225-9EB0-FE41CAF76292}.Debug|Any CPU.ActiveCfg = Debug|Any CPU
		{56639D27-1869-4225-9EB0-FE41CAF76292}.Debug|Any CPU.Build.0 = Debug|Any CPU
		{56639D27-1869-4225-9EB0-FE41CAF76292}.Release|Any CPU.ActiveCfg = Release|Any CPU
		{56639D27-1869-4225-9EB0-FE41CAF76292}.Release|Any CPU.Build.0 = Release|Any CPU
		{0B09F4B9-52FB-4580-9918-A6028DB57A4A}.Debug|Any CPU.ActiveCfg = Debug|Any CPU
		{0B09F4B9-52FB-4580-9918-A6028DB57A4A}.Debug|Any CPU.Build.0 = Debug|Any CPU
		{0B09F4B9-52FB-4580-9918-A6028DB57A4A}.Release|Any CPU.ActiveCfg = Release|Any CPU
		{0B09F4B9-52FB-4580-9918-A6028DB57A4A}.Release|Any CPU.Build.0 = Release|Any CPU
	EndGlobalSection
	GlobalSection(SolutionProperties) = preSolution
		HideSolutionNode = FALSE
	EndGlobalSection
	GlobalSection(ExtensibilityGlobals) = postSolution
		SolutionGuid = {A75E0328-F5B5-4C36-93F4-181989D6F951}
	EndGlobalSection
EndGlobal
