
Microsoft Visual Studio Solution File, Format Version 12.00
# Visual Studio Version 16
VisualStudioVersion = 16.0.29613.14
MinimumVisualStudioVersion = 10.0.40219.1
Project("{FAE04EC0-301F-11D3-BF4B-00C04F79EFBC}") = "Swampnet.Events", "Swampnet.Events\Swampnet.Events.csproj", "{2C473902-9D30-465F-9B02-312A17553EA4}"
EndProject
Global
	GlobalSection(SolutionConfigurationPlatforms) = preSolution
		Debug|Any CPU = Debug|Any CPU
		Release|Any CPU = Release|Any CPU
	EndGlobalSection
	GlobalSection(ProjectConfigurationPlatforms) = postSolution
		{2C473902-9D30-465F-9B02-312A17553EA4}.Debug|Any CPU.ActiveCfg = Debug|Any CPU
		{2C473902-9D30-465F-9B02-312A17553EA4}.Debug|Any CPU.Build.0 = Debug|Any CPU
		{2C473902-9D30-465F-9B02-312A17553EA4}.Release|Any CPU.ActiveCfg = Release|Any CPU
		{2C473902-9D30-465F-9B02-312A17553EA4}.Release|Any CPU.Build.0 = Release|Any CPU
	EndGlobalSection
	GlobalSection(SolutionProperties) = preSolution
		HideSolutionNode = FALSE
	EndGlobalSection
	GlobalSection(ExtensibilityGlobals) = postSolution
		SolutionGuid = {A75E0328-F5B5-4C36-93F4-181989D6F951}
	EndGlobalSection
EndGlobal
